
Microsoft Visual Studio Solution File, Format Version 12.00
Project("{FAE04EC0-301F-11D3-BF4B-00C04F79EFBC}") = "API", "API\API.csproj", "{EE18A693-DF4F-43DC-9061-27ADD734CCF2}"
EndProject
Global
	GlobalSection(SolutionConfigurationPlatforms) = preSolution
		Debug|Any CPU = Debug|Any CPU
		Release|Any CPU = Release|Any CPU
	EndGlobalSection
	GlobalSection(ProjectConfigurationPlatforms) = postSolution
		{EE18A693-DF4F-43DC-9061-27ADD734CCF2}.Debug|Any CPU.ActiveCfg = Debug|Any CPU
		{EE18A693-DF4F-43DC-9061-27ADD734CCF2}.Debug|Any CPU.Build.0 = Debug|Any CPU
		{EE18A693-DF4F-43DC-9061-27ADD734CCF2}.Release|Any CPU.ActiveCfg = Release|Any CPU
		{EE18A693-DF4F-43DC-9061-27ADD734CCF2}.Release|Any CPU.Build.0 = Release|Any CPU
	EndGlobalSection
EndGlobal
